<Solution>
  <Folder Name="/Launcher/">
    <Project Path="Launcher/RaidDemo.Launcher.csproj" />
  </Folder>
  <Folder Name="/UpdateSource/">
    <Project Path="UpdateSource/RaidDemo.UpdateSource.csproj" />
  </Folder>
  <Folder Name="/ServerHost/">
    <Project Path="ServerHost/RaidDemo.ServerHost.csproj" />
  </Folder>
</Solution>
